// !$*UTF8*$!
{
	archiveVersion = 1;
	classes = {
	};
	objectVersion = 77;
	objects = {

/* Begin PBXBuildFile section */
		A832DC022ECF0CE900690DA4 /* NimbusWeatherDomain in Frameworks */ = {isa = PBXBuildFile; productRef = A832DC012ECF0CE900690DA4 /* NimbusWeatherDomain */; };
		A832DC052ECF0DAF00690DA4 /* NimbusWeatherData in Frameworks */ = {isa = PBXBuildFile; productRef = A832DC042ECF0DAF00690DA4 /* NimbusWeatherData */; };
/* End PBXBuildFile section */

/* Begin PBXContainerItemProxy section */
		A832DBC12ECF0A7400690DA4 /* PBXContainerItemProxy */ = {
			isa = PBXContainerItemProxy;
			containerPortal = A832DBAB2ECF0A7200690DA4 /* Project object */;
			proxyType = 1;
			remoteGlobalIDString = A832DBB22ECF0A7200690DA4;
			remoteInfo = NimbusWeather;
		};
		A832DBCB2ECF0A7400690DA4 /* PBXContainerItemProxy */ = {
			isa = PBXContainerItemProxy;
			containerPortal = A832DBAB2ECF0A7200690DA4 /* Project object */;
			proxyType = 1;
			remoteGlobalIDString = A832DBB22ECF0A7200690DA4;
			remoteInfo = NimbusWeather;
		};
/* End PBXContainerItemProxy section */

/* Begin PBXFileReference section */
		A815510B2EE09C0400CC6167 /* NimbusWeather-AllTests.xctestplan */ = {isa = PBXFileReference; lastKnownFileType = text; path = "NimbusWeather-AllTests.xctestplan"; sourceTree = "<group>"; };
		A832DBB32ECF0A7200690DA4 /* NimbusWeather.app */ = {isa = PBXFileReference; explicitFileType = wrapper.application; includeInIndex = 0; path = NimbusWeather.app; sourceTree = BUILT_PRODUCTS_DIR; };
		A832DBC02ECF0A7400690DA4 /* NimbusWeatherTests.xctest */ = {isa = PBXFileReference; explicitFileType = wrapper.cfbundle; includeInIndex = 0; path = NimbusWeatherTests.xctest; sourceTree = BUILT_PRODUCTS_DIR; };
		A832DBCA2ECF0A7400690DA4 /* NimbusWeatherUITests.xctest */ = {isa = PBXFileReference; explicitFileType = wrapper.cfbundle; includeInIndex = 0; path = NimbusWeatherUITests.xctest; sourceTree = BUILT_PRODUCTS_DIR; };
		A832DBFF2ECF0CC500690DA4 /* NimbusWeatherDomain */ = {isa = PBXFileReference; lastKnownFileType = wrapper; path = NimbusWeatherDomain; sourceTree = "<group>"; };
		A832DC032ECF0D0A00690DA4 /* NimbusWeatherData */ = {isa = PBXFileReference; lastKnownFileType = wrapper; path = NimbusWeatherData; sourceTree = "<group>"; };
/* End PBXFileReference section */

/* Begin PBXFileSystemSynchronizedBuildFileExceptionSet section */
		A832DD982ECF895300690DA4 /* Exceptions for "NimbusWeather" folder in "NimbusWeather" target */ = {
			isa = PBXFileSystemSynchronizedBuildFileExceptionSet;
			membershipExceptions = (
				Info.plist,
			);
			target = A832DBB22ECF0A7200690DA4 /* NimbusWeather */;
		};
/* End PBXFileSystemSynchronizedBuildFileExceptionSet section */

/* Begin PBXFileSystemSynchronizedRootGroup section */
		A832DBC32ECF0A7400690DA4 /* NimbusWeatherTests */ = {
			isa = PBXFileSystemSynchronizedRootGroup;
			path = NimbusWeatherTests;
			sourceTree = "<group>";
		};
		A832DBCD2ECF0A7400690DA4 /* NimbusWeatherUITests */ = {
			isa = PBXFileSystemSynchronizedRootGroup;
			path = NimbusWeatherUITests;
			sourceTree = "<group>";
		};
		A832DBF92ECF0B4000690DA4 /* NimbusWeather */ = {
			isa = PBXFileSystemSynchronizedRootGroup;
			exceptions = (
				A832DD982ECF895300690DA4 /* Exceptions for "NimbusWeather" folder in "NimbusWeather" target */,
			);
			path = NimbusWeather;
			sourceTree = "<group>";
		};
/* End PBXFileSystemSynchronizedRootGroup section */

/* Begin PBXFrameworksBuildPhase section */
		A832DBB02ECF0A7200690DA4 /* Frameworks */ = {
			isa = PBXFrameworksBuildPhase;
			buildActionMask = 2147483647;
			files = (
				A832DC022ECF0CE900690DA4 /* NimbusWeatherDomain in Frameworks */,
				A832DC052ECF0DAF00690DA4 /* NimbusWeatherData in Frameworks */,
			);
			runOnlyForDeploymentPostprocessing = 0;
		};
		A832DBBD2ECF0A7400690DA4 /* Frameworks */ = {
			isa = PBXFrameworksBuildPhase;
			buildActionMask = 2147483647;
			files = (
			);
			runOnlyForDeploymentPostprocessing = 0;
		};
		A832DBC72ECF0A7400690DA4 /* Frameworks */ = {
			isa = PBXFrameworksBuildPhase;
			buildActionMask = 2147483647;
			files = (
			);
			runOnlyForDeploymentPostprocessing = 0;
		};
/* End PBXFrameworksBuildPhase section */

/* Begin PBXGroup section */
		A832DBAA2ECF0A7200690DA4 = {
			isa = PBXGroup;
			children = (
				A815510B2EE09C0400CC6167 /* NimbusWeather-AllTests.xctestplan */,
				A832DC032ECF0D0A00690DA4 /* NimbusWeatherData */,
				A832DBFF2ECF0CC500690DA4 /* NimbusWeatherDomain */,
				A832DBF92ECF0B4000690DA4 /* NimbusWeather */,
				A832DBC32ECF0A7400690DA4 /* NimbusWeatherTests */,
				A832DBCD2ECF0A7400690DA4 /* NimbusWeatherUITests */,
				A832DC002ECF0CE900690DA4 /* Frameworks */,
				A832DBB42ECF0A7200690DA4 /* Products */,
			);
			sourceTree = "<group>";
		};
		A832DBB42ECF0A7200690DA4 /* Products */ = {
			isa = PBXGroup;
			children = (
				A832DBB32ECF0A7200690DA4 /* NimbusWeather.app */,
				A832DBC02ECF0A7400690DA4 /* NimbusWeatherTests.xctest */,
				A832DBCA2ECF0A7400690DA4 /* NimbusWeatherUITests.xctest */,
			);
			name = Products;
			sourceTree = "<group>";
		};
		A832DC002ECF0CE900690DA4 /* Frameworks */ = {
			isa = PBXGroup;
			children = (
			);
			name = Frameworks;
			sourceTree = "<group>";
		};
/* End PBXGroup section */

/* Begin PBXNativeTarget section */
		A832DBB22ECF0A7200690DA4 /* NimbusWeather */ = {
			isa = PBXNativeTarget;
			buildConfigurationList = A832DBD42ECF0A7400690DA4 /* Build configuration list for PBXNativeTarget "NimbusWeather" */;
			buildPhases = (
				A832DBAF2ECF0A7200690DA4 /* Sources */,
				A832DBB02ECF0A7200690DA4 /* Frameworks */,
				A832DBB12ECF0A7200690DA4 /* Resources */,
			);
			buildRules = (
			);
			dependencies = (
			);
			fileSystemSynchronizedGroups = (
				A832DBF92ECF0B4000690DA4 /* NimbusWeather */,
			);
			name = NimbusWeather;
			packageProductDependencies = (
				A832DC012ECF0CE900690DA4 /* NimbusWeatherDomain */,
				A832DC042ECF0DAF00690DA4 /* NimbusWeatherData */,
			);
			productName = NimbusWeather;
			productReference = A832DBB32ECF0A7200690DA4 /* NimbusWeather.app */;
			productType = "com.apple.product-type.application";
		};
		A832DBBF2ECF0A7400690DA4 /* NimbusWeatherTests */ = {
			isa = PBXNativeTarget;
			buildConfigurationList = A832DBD72ECF0A7400690DA4 /* Build configuration list for PBXNativeTarget "NimbusWeatherTests" */;
			buildPhases = (
				A832DBBC2ECF0A7400690DA4 /* Sources */,
				A832DBBD2ECF0A7400690DA4 /* Frameworks */,
				A832DBBE2ECF0A7400690DA4 /* Resources */,
			);
			buildRules = (
			);
			dependencies = (
				A832DBC22ECF0A7400690DA4 /* PBXTargetDependency */,
			);
			fileSystemSynchronizedGroups = (
				A832DBC32ECF0A7400690DA4 /* NimbusWeatherTests */,
			);
			name = NimbusWeatherTests;
			packageProductDependencies = (
			);
			productName = NimbusWeatherTests;
			productReference = A832DBC02ECF0A7400690DA4 /* NimbusWeatherTests.xctest */;
			productType = "com.apple.product-type.bundle.unit-test";
		};
		A832DBC92ECF0A7400690DA4 /* NimbusWeatherUITests */ = {
			isa = PBXNativeTarget;
			buildConfigurationList = A832DBDA2ECF0A7400690DA4 /* Build configuration list for PBXNativeTarget "NimbusWeatherUITests" */;
			buildPhases = (
				A832DBC62ECF0A7400690DA4 /* Sources */,
				A832DBC72ECF0A7400690DA4 /* Frameworks */,
				A832DBC82ECF0A7400690DA4 /* Resources */,
			);
			buildRules = (
			);
			dependencies = (
				A832DBCC2ECF0A7400690DA4 /* PBXTargetDependency */,
			);
			fileSystemSynchronizedGroups = (
				A832DBCD2ECF0A7400690DA4 /* NimbusWeatherUITests */,
			);
			name = NimbusWeatherUITests;
			packageProductDependencies = (
			);
			productName = NimbusWeatherUITests;
			productReference = A832DBCA2ECF0A7400690DA4 /* NimbusWeatherUITests.xctest */;
			productType = "com.apple.product-type.bundle.ui-testing";
		};
/* End PBXNativeTarget section */

/* Begin PBXProject section */
		A832DBAB2ECF0A7200690DA4 /* Project object */ = {
			isa = PBXProject;
			attributes = {
				BuildIndependentTargetsInParallel = 1;
				LastSwiftUpdateCheck = 2610;
				LastUpgradeCheck = 2610;
				TargetAttributes = {
					A832DBB22ECF0A7200690DA4 = {
						CreatedOnToolsVersion = 26.1.1;
					};
					A832DBBF2ECF0A7400690DA4 = {
						CreatedOnToolsVersion = 26.1.1;
						TestTargetID = A832DBB22ECF0A7200690DA4;
					};
					A832DBC92ECF0A7400690DA4 = {
						CreatedOnToolsVersion = 26.1.1;
						TestTargetID = A832DBB22ECF0A7200690DA4;
					};
				};
			};
			buildConfigurationList = A832DBAE2ECF0A7200690DA4 /* Build configuration list for PBXProject "NimbusWeather" */;
			developmentRegion = en;
			hasScannedForEncodings = 0;
			knownRegions = (
				en,
				Base,
			);
			mainGroup = A832DBAA2ECF0A7200690DA4;
			minimizedProjectReferenceProxies = 1;
			preferredProjectObjectVersion = 77;
			productRefGroup = A832DBB42ECF0A7200690DA4 /* Products */;
			projectDirPath = "";
			projectRoot = "";
			targets = (
				A832DBB22ECF0A7200690DA4 /* NimbusWeather */,
				A832DBBF2ECF0A7400690DA4 /* NimbusWeatherTests */,
				A832DBC92ECF0A7400690DA4 /* NimbusWeatherUITests */,
			);
		};
/* End PBXProject section */

/* Begin PBXResourcesBuildPhase section */
		A832DBB12ECF0A7200690DA4 /* Resources */ = {
			isa = PBXResourcesBuildPhase;
			buildActionMask = 2147483647;
			files = (
			);
			runOnlyForDeploymentPostprocessing = 0;
		};
		A832DBBE2ECF0A7400690DA4 /* Resources */ = {
			isa = PBXResourcesBuildPhase;
			buildActionMask = 2147483647;
			files = (
			);
			runOnlyForDeploymentPostprocessing = 0;
		};
		A832DBC82ECF0A7400690DA4 /* Resources */ = {
			isa = PBXResourcesBuildPhase;
			buildActionMask = 2147483647;
			files = (
			);
			runOnlyForDeploymentPostprocessing = 0;
		};
/* End PBXResourcesBuildPhase section */

/* Begin PBXSourcesBuildPhase section */
		A832DBAF2ECF0A7200690DA4 /* Sources */ = {
			isa = PBXSourcesBuildPhase;
			buildActionMask = 2147483647;
			files = (
			);
			runOnlyForDeploymentPostprocessing = 0;
		};
		A832DBBC2ECF0A7400690DA4 /* Sources */ = {
			isa = PBXSourcesBuildPhase;
			buildActionMask = 2147483647;
			files = (
			);
			runOnlyForDeploymentPostprocessing = 0;
		};
		A832DBC62ECF0A7400690DA4 /* Sources */ = {
			isa = PBXSourcesBuildPhase;
			buildActionMask = 2147483647;
			files = (
			);
			runOnlyForDeploymentPostprocessing = 0;
		};
/* End PBXSourcesBuildPhase section */

/* Begin PBXTargetDependency section */
		A832DBC22ECF0A7400690DA4 /* PBXTargetDependency */ = {
			isa = PBXTargetDependency;
			target = A832DBB22ECF0A7200690DA4 /* NimbusWeather */;
			targetProxy = A832DBC12ECF0A7400690DA4 /* PBXContainerItemProxy */;
		};
		A832DBCC2ECF0A7400690DA4 /* PBXTargetDependency */ = {
			isa = PBXTargetDependency;
			target = A832DBB22ECF0A7200690DA4 /* NimbusWeather */;
			targetProxy = A832DBCB2ECF0A7400690DA4 /* PBXContainerItemProxy */;
		};
/* End PBXTargetDependency section */

/* Begin XCBuildConfiguration section */
		A832DBD22ECF0A7400690DA4 /* Debug */ = {
			isa = XCBuildConfiguration;
			baseConfigurationReferenceAnchor = A832DBF92ECF0B4000690DA4 /* NimbusWeather */;
			baseConfigurationReferenceRelativePath = Config/Debug.xcconfig;
			buildSettings = {
				ALWAYS_SEARCH_USER_PATHS = NO;
				ASSETCATALOG_COMPILER_GENERATE_SWIFT_ASSET_SYMBOL_EXTENSIONS = YES;
				CLANG_ANALYZER_NONNULL = YES;
				CLANG_ANALYZER_NUMBER_OBJECT_CONVERSION = YES_AGGRESSIVE;
				CLANG_CXX_LANGUAGE_STANDARD = "gnu++20";
				CLANG_ENABLE_MODULES = YES;
				CLANG_ENABLE_OBJC_ARC = YES;
				CLANG_ENABLE_OBJC_WEAK = YES;
				CLANG_WARN_BLOCK_CAPTURE_AUTORELEASING = YES;
				CLANG_WARN_BOOL_CONVERSION = YES;
				CLANG_WARN_COMMA = YES;
				CLANG_WARN_CONSTANT_CONVERSION = YES;
				CLANG_WARN_DEPRECATED_OBJC_IMPLEMENTATIONS = YES;
				CLANG_WARN_DIRECT_OBJC_ISA_USAGE = YES_ERROR;
				CLANG_WARN_DOCUMENTATION_COMMENTS = YES;
				CLANG_WARN_EMPTY_BODY = YES;
				CLANG_WARN_ENUM_CONVERSION = YES;
				CLANG_WARN_INFINITE_RECURSION = YES;
				CLANG_WARN_INT_CONVERSION = YES;
				CLANG_WARN_NON_LITERAL_NULL_CONVERSION = YES;
				CLANG_WARN_OBJC_IMPLICIT_RETAIN_SELF = YES;
				CLANG_WARN_OBJC_LITERAL_CONVERSION = YES;
				CLANG_WARN_OBJC_ROOT_CLASS = YES_ERROR;
				CLANG_WARN_QUOTED_INCLUDE_IN_FRAMEWORK_HEADER = YES;
				CLANG_WARN_RANGE_LOOP_ANALYSIS = YES;
				CLANG_WARN_STRICT_PROTOTYPES = YES;
				CLANG_WARN_SUSPICIOUS_MOVE = YES;
				CLANG_WARN_UNGUARDED_AVAILABILITY = YES_AGGRESSIVE;
				CLANG_WARN_UNREACHABLE_CODE = YES;
				CLANG_WARN__DUPLICATE_METHOD_MATCH = YES;
				COPY_PHASE_STRIP = NO;
				DEBUG_INFORMATION_FORMAT = dwarf;
				DEVELOPMENT_TEAM = 828UCSB77C;
				ENABLE_STRICT_OBJC_MSGSEND = YES;
				ENABLE_TESTABILITY = YES;
				ENABLE_USER_SCRIPT_SANDBOXING = YES;
				GCC_C_LANGUAGE_STANDARD = gnu17;
				GCC_DYNAMIC_NO_PIC = NO;
				GCC_NO_COMMON_BLOCKS = YES;
				GCC_OPTIMIZATION_LEVEL = 0;
				GCC_PREPROCESSOR_DEFINITIONS = (
					"DEBUG=1",
					"$(inherited)",
				);
				GCC_WARN_64_TO_32_BIT_CONVERSION = YES;
				GCC_WARN_ABOUT_RETURN_TYPE = YES_ERROR;
				GCC_WARN_UNDECLARED_SELECTOR = YES;
				GCC_WARN_UNINITIALIZED_AUTOS = YES_AGGRESSIVE;
				GCC_WARN_UNUSED_FUNCTION = YES;
				GCC_WARN_UNUSED_VARIABLE = YES;
				IPHONEOS_DEPLOYMENT_TARGET = 26.1;
				LOCALIZATION_PREFERS_STRING_CATALOGS = YES;
				MTL_ENABLE_DEBUG_INFO = INCLUDE_SOURCE;
				MTL_FAST_MATH = YES;
				ONLY_ACTIVE_ARCH = YES;
				SDKROOT = iphoneos;
				SWIFT_ACTIVE_COMPILATION_CONDITIONS = "DEBUG $(inherited)";
				SWIFT_OPTIMIZATION_LEVEL = "-Onone";
			};
			name = Debug;
		};
		A832DBD32ECF0A7400690DA4 /* Release */ = {
			isa = XCBuildConfiguration;
			baseConfigurationReferenceAnchor = A832DBF92ECF0B4000690DA4 /* NimbusWeather */;
			baseConfigurationReferenceRelativePath = Config/Release.xcconfig;
			buildSettings = {
				ALWAYS_SEARCH_USER_PATHS = NO;
				ASSETCATALOG_COMPILER_GENERATE_SWIFT_ASSET_SYMBOL_EXTENSIONS = YES;
				CLANG_ANALYZER_NONNULL = YES;
				CLANG_ANALYZER_NUMBER_OBJECT_CONVERSION = YES_AGGRESSIVE;
				CLANG_CXX_LANGUAGE_STANDARD = "gnu++20";
				CLANG_ENABLE_MODULES = YES;
				CLANG_ENABLE_OBJC_ARC = YES;
				CLANG_ENABLE_OBJC_WEAK = YES;
				CLANG_WARN_BLOCK_CAPTURE_AUTORELEASING = YES;
				CLANG_WARN_BOOL_CONVERSION = YES;
				CLANG_WARN_COMMA = YES;
				CLANG_WARN_CONSTANT_CONVERSION = YES;
				CLANG_WARN_DEPRECATED_OBJC_IMPLEMENTATIONS = YES;
				CLANG_WARN_DIRECT_OBJC_ISA_USAGE = YES_ERROR;
				CLANG_WARN_DOCUMENTATION_COMMENTS = YES;
				CLANG_WARN_EMPTY_BODY = YES;
				CLANG_WARN_ENUM_CONVERSION = YES;
				CLANG_WARN_INFINITE_RECURSION = YES;
				CLANG_WARN_INT_CONVERSION = YES;
				CLANG_WARN_NON_LITERAL_NULL_CONVERSION = YES;
				CLANG_WARN_OBJC_IMPLICIT_RETAIN_SELF = YES;
				CLANG_WARN_OBJC_LITERAL_CONVERSION = YES;
				CLANG_WARN_OBJC_ROOT_CLASS = YES_ERROR;
				CLANG_WARN_QUOTED_INCLUDE_IN_FRAMEWORK_HEADER = YES;
				CLANG_WARN_RANGE_LOOP_ANALYSIS = YES;
				CLANG_WARN_STRICT_PROTOTYPES = YES;
				CLANG_WARN_SUSPICIOUS_MOVE = YES;
				CLANG_WARN_UNGUARDED_AVAILABILITY = YES_AGGRESSIVE;
				CLANG_WARN_UNREACHABLE_CODE = YES;
				CLANG_WARN__DUPLICATE_METHOD_MATCH = YES;
				COPY_PHASE_STRIP = NO;
				DEBUG_INFORMATION_FORMAT = "dwarf-with-dsym";
				DEVELOPMENT_TEAM = 828UCSB77C;
				ENABLE_NS_ASSERTIONS = NO;
				ENABLE_STRICT_OBJC_MSGSEND = YES;
				ENABLE_USER_SCRIPT_SANDBOXING = YES;
				GCC_C_LANGUAGE_STANDARD = gnu17;
				GCC_NO_COMMON_BLOCKS = YES;
				GCC_WARN_64_TO_32_BIT_CONVERSION = YES;
				GCC_WARN_ABOUT_RETURN_TYPE = YES_ERROR;
				GCC_WARN_UNDECLARED_SELECTOR = YES;
				GCC_WARN_UNINITIALIZED_AUTOS = YES_AGGRESSIVE;
				GCC_WARN_UNUSED_FUNCTION = YES;
				GCC_WARN_UNUSED_VARIABLE = YES;
				IPHONEOS_DEPLOYMENT_TARGET = 26.1;
				LOCALIZATION_PREFERS_STRING_CATALOGS = YES;
				MTL_ENABLE_DEBUG_INFO = NO;
				MTL_FAST_MATH = YES;
				SDKROOT = iphoneos;
				SWIFT_COMPILATION_MODE = wholemodule;
				VALIDATE_PRODUCT = YES;
			};
			name = Release;
		};
		A832DBD52ECF0A7400690DA4 /* Debug */ = {
			isa = XCBuildConfiguration;
			baseConfigurationReferenceAnchor = A832DBF92ECF0B4000690DA4 /* NimbusWeather */;
			baseConfigurationReferenceRelativePath = Config/Debug.xcconfig;
			buildSettings = {
				ASSETCATALOG_COMPILER_APPICON_NAME = AppIcon;
				ASSETCATALOG_COMPILER_GLOBAL_ACCENT_COLOR_NAME = AccentColor;
				CODE_SIGN_STYLE = Automatic;
				CURRENT_PROJECT_VERSION = 1;
				DEVELOPMENT_TEAM = 828UCSB77C;
				ENABLE_PREVIEWS = YES;
				GENERATE_INFOPLIST_FILE = YES;
				INFOPLIST_FILE = NimbusWeather/Info.plist;
				INFOPLIST_KEY_UIApplicationSceneManifest_Generation = YES;
				INFOPLIST_KEY_UIApplicationSupportsIndirectInputEvents = YES;
				INFOPLIST_KEY_UILaunchScreen_Generation = YES;
				INFOPLIST_KEY_UISupportedInterfaceOrientations = UIInterfaceOrientationPortrait;
				INFOPLIST_KEY_UISupportedInterfaceOrientations_iPad = "UIInterfaceOrientationLandscapeLeft UIInterfaceOrientationLandscapeRight UIInterfaceOrientationPortrait UIInterfaceOrientationPortraitUpsideDown";
				LD_RUNPATH_SEARCH_PATHS = (
					"$(inherited)",
					"@executable_path/Frameworks",
				);
				MARKETING_VERSION = 1.0;
				PRODUCT_BUNDLE_IDENTIFIER = com.NimbusWeather;
				PRODUCT_NAME = "$(TARGET_NAME)";
				STRING_CATALOG_GENERATE_SYMBOLS = YES;
				SUPPORTED_PLATFORMS = "iphoneos iphonesimulator";
				SUPPORTS_MACCATALYST = NO;
				SUPPORTS_MAC_DESIGNED_FOR_IPHONE_IPAD = NO;
				SUPPORTS_XR_DESIGNED_FOR_IPHONE_IPAD = NO;
				SWIFT_APPROACHABLE_CONCURRENCY = YES;
				SWIFT_DEFAULT_ACTOR_ISOLATION = MainActor;
				SWIFT_EMIT_LOC_STRINGS = YES;
				SWIFT_UPCOMING_FEATURE_MEMBER_IMPORT_VISIBILITY = YES;
				SWIFT_VERSION = 5.0;
				TARGETED_DEVICE_FAMILY = 1;
			};
			name = Debug;
		};
		A832DBD62ECF0A7400690DA4 /* Release */ = {
			isa = XCBuildConfiguration;
			baseConfigurationReferenceAnchor = A832DBF92ECF0B4000690DA4 /* NimbusWeather */;
			baseConfigurationReferenceRelativePath = Config/Release.xcconfig;
			buildSettings = {
				ASSETCATALOG_COMPILER_APPICON_NAME = AppIcon;
				ASSETCATALOG_COMPILER_GLOBAL_ACCENT_COLOR_NAME = AccentColor;
				CODE_SIGN_STYLE = Automatic;
				CURRENT_PROJECT_VERSION = 1;
				DEVELOPMENT_TEAM = 828UCSB77C;
				ENABLE_PREVIEWS = YES;
				GENERATE_INFOPLIST_FILE = YES;
				INFOPLIST_FILE = NimbusWeather/Info.plist;
				INFOPLIST_KEY_UIApplicationSceneManifest_Generation = YES;
				INFOPLIST_KEY_UIApplicationSupportsIndirectInputEvents = YES;
				INFOPLIST_KEY_UILaunchScreen_Generation = YES;
				INFOPLIST_KEY_UISupportedInterfaceOrientations = UIInterfaceOrientationPortrait;
				INFOPLIST_KEY_UISupportedInterfaceOrientations_iPad = "UIInterfaceOrientationLandscapeLeft UIInterfaceOrientationLandscapeRight UIInterfaceOrientationPortrait UIInterfaceOrientationPortraitUpsideDown";
				LD_RUNPATH_SEARCH_PATHS = (
					"$(inherited)",
					"@executable_path/Frameworks",
				);
				MARKETING_VERSION = 1.0;
				PRODUCT_BUNDLE_IDENTIFIER = com.NimbusWeather;
				PRODUCT_NAME = "$(TARGET_NAME)";
				STRING_CATALOG_GENERATE_SYMBOLS = YES;
				SUPPORTED_PLATFORMS = "iphoneos iphonesimulator";
				SUPPORTS_MACCATALYST = NO;
				SUPPORTS_MAC_DESIGNED_FOR_IPHONE_IPAD = NO;
				SUPPORTS_XR_DESIGNED_FOR_IPHONE_IPAD = NO;
				SWIFT_APPROACHABLE_CONCURRENCY = YES;
				SWIFT_DEFAULT_ACTOR_ISOLATION = MainActor;
				SWIFT_EMIT_LOC_STRINGS = YES;
				SWIFT_UPCOMING_FEATURE_MEMBER_IMPORT_VISIBILITY = YES;
				SWIFT_VERSION = 5.0;
				TARGETED_DEVICE_FAMILY = 1;
			};
			name = Release;
		};
		A832DBD82ECF0A7400690DA4 /* Debug */ = {
			isa = XCBuildConfiguration;
			buildSettings = {
				BUNDLE_LOADER = "$(TEST_HOST)";
				CODE_SIGN_STYLE = Automatic;
				CURRENT_PROJECT_VERSION = 1;
				DEVELOPMENT_TEAM = 828UCSB77C;
				GENERATE_INFOPLIST_FILE = YES;
				IPHONEOS_DEPLOYMENT_TARGET = 26.1;
				MARKETING_VERSION = 1.0;
				PRODUCT_BUNDLE_IDENTIFIER = com.NimbusWeatherTests;
				PRODUCT_NAME = "$(TARGET_NAME)";
				STRING_CATALOG_GENERATE_SYMBOLS = NO;
				SWIFT_APPROACHABLE_CONCURRENCY = YES;
				SWIFT_EMIT_LOC_STRINGS = NO;
				SWIFT_UPCOMING_FEATURE_MEMBER_IMPORT_VISIBILITY = YES;
				SWIFT_VERSION = 5.0;
				TARGETED_DEVICE_FAMILY = "1,2";
				TEST_HOST = "$(BUILT_PRODUCTS_DIR)/NimbusWeather.app/$(BUNDLE_EXECUTABLE_FOLDER_PATH)/NimbusWeather";
			};
			name = Debug;
		};
		A832DBD92ECF0A7400690DA4 /* Release */ = {
			isa = XCBuildConfiguration;
			buildSettings = {
				BUNDLE_LOADER = "$(TEST_HOST)";
				CODE_SIGN_STYLE = Automatic;
				CURRENT_PROJECT_VERSION = 1;
				DEVELOPMENT_TEAM = 828UCSB77C;
				GENERATE_INFOPLIST_FILE = YES;
				IPHONEOS_DEPLOYMENT_TARGET = 26.1;
				MARKETING_VERSION = 1.0;
				PRODUCT_BUNDLE_IDENTIFIER = com.NimbusWeatherTests;
				PRODUCT_NAME = "$(TARGET_NAME)";
				STRING_CATALOG_GENERATE_SYMBOLS = NO;
				SWIFT_APPROACHABLE_CONCURRENCY = YES;
				SWIFT_EMIT_LOC_STRINGS = NO;
				SWIFT_UPCOMING_FEATURE_MEMBER_IMPORT_VISIBILITY = YES;
				SWIFT_VERSION = 5.0;
				TARGETED_DEVICE_FAMILY = "1,2";
				TEST_HOST = "$(BUILT_PRODUCTS_DIR)/NimbusWeather.app/$(BUNDLE_EXECUTABLE_FOLDER_PATH)/NimbusWeather";
			};
			name = Release;
		};
		A832DBDB2ECF0A7400690DA4 /* Debug */ = {
			isa = XCBuildConfiguration;
			buildSettings = {
				CODE_SIGN_STYLE = Automatic;
				CURRENT_PROJECT_VERSION = 1;
				DEVELOPMENT_TEAM = 828UCSB77C;
				GENERATE_INFOPLIST_FILE = YES;
				MARKETING_VERSION = 1.0;
				PRODUCT_BUNDLE_IDENTIFIER = com.NimbusWeatherUITests;
				PRODUCT_NAME = "$(TARGET_NAME)";
				STRING_CATALOG_GENERATE_SYMBOLS = NO;
				SWIFT_APPROACHABLE_CONCURRENCY = YES;
				SWIFT_EMIT_LOC_STRINGS = NO;
				SWIFT_UPCOMING_FEATURE_MEMBER_IMPORT_VISIBILITY = YES;
				SWIFT_VERSION = 5.0;
				TARGETED_DEVICE_FAMILY = "1,2";
				TEST_TARGET_NAME = NimbusWeather;
			};
			name = Debug;
		};
		A832DBDC2ECF0A7400690DA4 /* Release */ = {
			isa = XCBuildConfiguration;
			buildSettings = {
				CODE_SIGN_STYLE = Automatic;
				CURRENT_PROJECT_VERSION = 1;
				DEVELOPMENT_TEAM = 828UCSB77C;
				GENERATE_INFOPLIST_FILE = YES;
				MARKETING_VERSION = 1.0;
				PRODUCT_BUNDLE_IDENTIFIER = com.NimbusWeatherUITests;
				PRODUCT_NAME = "$(TARGET_NAME)";
				STRING_CATALOG_GENERATE_SYMBOLS = NO;
				SWIFT_APPROACHABLE_CONCURRENCY = YES;
				SWIFT_EMIT_LOC_STRINGS = NO;
				SWIFT_UPCOMING_FEATURE_MEMBER_IMPORT_VISIBILITY = YES;
				SWIFT_VERSION = 5.0;
				TARGETED_DEVICE_FAMILY = "1,2";
				TEST_TARGET_NAME = NimbusWeather;
			};
			name = Release;
		};
/* End XCBuildConfiguration section */

/* Begin XCConfigurationList section */
		A832DBAE2ECF0A7200690DA4 /* Build configuration list for PBXProject "NimbusWeather" */ = {
			isa = XCConfigurationList;
			buildConfigurations = (
				A832DBD22ECF0A7400690DA4 /* Debug */,
				A832DBD32ECF0A7400690DA4 /* Release */,
			);
			defaultConfigurationIsVisible = 0;
			defaultConfigurationName = Release;
		};
		A832DBD42ECF0A7400690DA4 /* Build configuration list for PBXNativeTarget "NimbusWeather" */ = {
			isa = XCConfigurationList;
			buildConfigurations = (
				A832DBD52ECF0A7400690DA4 /* Debug */,
				A832DBD62ECF0A7400690DA4 /* Release */,
			);
			defaultConfigurationIsVisible = 0;
			defaultConfigurationName = Release;
		};
		A832DBD72ECF0A7400690DA4 /* Build configuration list for PBXNativeTarget "NimbusWeatherTests" */ = {
			isa = XCConfigurationList;
			buildConfigurations = (
				A832DBD82ECF0A7400690DA4 /* Debug */,
				A832DBD92ECF0A7400690DA4 /* Release */,
			);
			defaultConfigurationIsVisible = 0;
			defaultConfigurationName = Release;
		};
		A832DBDA2ECF0A7400690DA4 /* Build configuration list for PBXNativeTarget "NimbusWeatherUITests" */ = {
			isa = XCConfigurationList;
			buildConfigurations = (
				A832DBDB2ECF0A7400690DA4 /* Debug */,
				A832DBDC2ECF0A7400690DA4 /* Release */,
			);
			defaultConfigurationIsVisible = 0;
			defaultConfigurationName = Release;
		};
/* End XCConfigurationList section */

/* Begin XCSwiftPackageProductDependency section */
		A832DC012ECF0CE900690DA4 /* NimbusWeatherDomain */ = {
			isa = XCSwiftPackageProductDependency;
			productName = NimbusWeatherDomain;
		};
		A832DC042ECF0DAF00690DA4 /* NimbusWeatherData */ = {
			isa = XCSwiftPackageProductDependency;
			productName = NimbusWeatherData;
		};
/* End XCSwiftPackageProductDependency section */
	};
	rootObject = A832DBAB2ECF0A7200690DA4 /* Project object */;
}
